PODS:
  - Capacitor (3.4.3):
    - CapacitorCordova
  - CapacitorApp (1.1.0):
    - Capacitor
  - CapacitorCommunityBarcodeScanner (2.1.1):
    - Capacitor
  - CapacitorCommunityFcm (2.0.2):
    - Capacitor
    - Firebase/Messaging
  - CapacitorCordova (3.4.3)
  - CapacitorHaptics (1.1.4):
    - Capacitor
  - CapacitorKeyboard (1.2.2):
    - Capacitor
  - CapacitorNativeBiometric (0.0.1):
    - Capacitor
  - CapacitorNetwork (1.0.7):
    - Capacitor
    - ReachabilitySwift (~> 5.0)
  - CapacitorPushNotifications (1.0.9):
    - Capacitor
  - CapacitorSplashScreen (1.2.2):
    - Capacitor
  - CapacitorStatusBar (1.0.7):
    - Capacitor
  - CapacitorStorage (1.2.5):
    - Capacitor
  - CordovaPlugins (3.4.0):
    - CapacitorCordova
  - Firebase/CoreOnly (8.9.1):
    - FirebaseCore (= 8.9.1)
  - Firebase/Messaging (8.9.1):
    - Firebase/CoreOnly
    - FirebaseMessaging (~> 8.9.0)
  - FirebaseCore (8.9.1):
    - FirebaseCoreDiagnostics (~> 8.0)
    - GoogleUtilities/Environment (~> 7.6)
    - GoogleUtilities/Logger (~> 7.6)
  - FirebaseCoreDiagnostics (8.9.0):
    - GoogleDataTransport (~> 9.1)
    - GoogleUtilities/Environment (~> 7.6)
    - GoogleUtilities/Logger (~> 7.6)
    - nanopb (~> 2.30908.0)
  - FirebaseInstallations (8.10.0):
    - FirebaseCore (~> 8.0)
    - GoogleUtilities/Environment (~> 7.6)
    - GoogleUtilities/UserDefaults (~> 7.6)
    - PromisesObjC (< 3.0, >= 1.2)
  - FirebaseMessaging (8.9.0):
    - FirebaseCore (~> 8.0)
    - FirebaseInstallations (~> 8.0)
    - GoogleDataTransport (~> 9.1)
    - GoogleUtilities/AppDelegateSwizzler (~> 7.6)
    - GoogleUtilities/Environment (~> 7.6)
    - GoogleUtilities/Reachability (~> 7.6)
    - GoogleUtilities/UserDefaults (~> 7.6)
    - nanopb (~> 2.30908.0)
  - GoogleDataTransport (9.1.2):
    - GoogleUtilities/Environment (~> 7.2)
    - nanopb (~> 2.30908.0)
    - PromisesObjC (< 3.0, >= 1.2)
  - GoogleUtilities/AppDelegateSwizzler (7.6.0):
    - GoogleUtilities/Environment
    - GoogleUtilities/Logger
    - GoogleUtilities/Network
  - GoogleUtilities/Environment (7.6.0):
    - PromisesObjC (< 3.0, >= 1.2)
  - GoogleUtilities/Logger (7.6.0):
    - GoogleUtilities/Environment
  - GoogleUtilities/Network (7.6.0):
    - GoogleUtilities/Logger
    - "GoogleUtilities/NSData+zlib"
    - GoogleUtilities/Reachability
  - "GoogleUtilities/NSData+zlib (7.6.0)"
  - GoogleUtilities/Reachability (7.6.0):
    - GoogleUtilities/Logger
  - GoogleUtilities/UserDefaults (7.6.0):
    - GoogleUtilities/Logger
  - nanopb (2.30908.0):
    - nanopb/decode (= 2.30908.0)
    - nanopb/encode (= 2.30908.0)
  - nanopb/decode (2.30908.0)
  - nanopb/encode (2.30908.0)
  - PromisesObjC (2.0.0)
  - ReachabilitySwift (5.0.0)
  - RobingenzCapacitorBadge (1.2.1):
    - Capacitor

DEPENDENCIES:
  - "Capacitor (from `../../node_modules/@capacitor/ios`)"
  - "CapacitorApp (from `../../node_modules/@capacitor/app`)"
  - "CapacitorCommunityBarcodeScanner (from `../../node_modules/@capacitor-community/barcode-scanner`)"
  - "CapacitorCommunityFcm (from `../../node_modules/@capacitor-community/fcm`)"
  - "CapacitorCordova (from `../../node_modules/@capacitor/ios`)"
  - "CapacitorHaptics (from `../../node_modules/@capacitor/haptics`)"
  - "CapacitorKeyboard (from `../../node_modules/@capacitor/keyboard`)"
  - CapacitorNativeBiometric (from `../../node_modules/capacitor-native-biometric`)
  - "CapacitorNetwork (from `../../node_modules/@capacitor/network`)"
  - "CapacitorPushNotifications (from `../../node_modules/@capacitor/push-notifications`)"
  - "CapacitorSplashScreen (from `../../node_modules/@capacitor/splash-screen`)"
  - "CapacitorStatusBar (from `../../node_modules/@capacitor/status-bar`)"
  - "CapacitorStorage (from `../../node_modules/@capacitor/storage`)"
  - CordovaPlugins (from `../capacitor-cordova-ios-plugins`)
  - "RobingenzCapacitorBadge (from `../../node_modules/@robingenz/capacitor-badge`)"

SPEC REPOS:
  trunk:
    - Firebase
    - FirebaseCore
    - FirebaseCoreDiagnostics
    - FirebaseInstallations
    - FirebaseMessaging
    - GoogleDataTransport
    - GoogleUtilities
    - nanopb
    - PromisesObjC
    - ReachabilitySwift

EXTERNAL SOURCES:
  Capacitor:
    :path: "../../node_modules/@capacitor/ios"
  CapacitorApp:
    :path: "../../node_modules/@capacitor/app"
  CapacitorCommunityBarcodeScanner:
    :path: "../../node_modules/@capacitor-community/barcode-scanner"
  CapacitorCommunityFcm:
    :path: "../../node_modules/@capacitor-community/fcm"
  CapacitorCordova:
    :path: "../../node_modules/@capacitor/ios"
  CapacitorHaptics:
    :path: "../../node_modules/@capacitor/haptics"
  CapacitorKeyboard:
    :path: "../../node_modules/@capacitor/keyboard"
  CapacitorNativeBiometric:
    :path: "../../node_modules/capacitor-native-biometric"
  CapacitorNetwork:
    :path: "../../node_modules/@capacitor/network"
  CapacitorPushNotifications:
    :path: "../../node_modules/@capacitor/push-notifications"
  CapacitorSplashScreen:
    :path: "../../node_modules/@capacitor/splash-screen"
  CapacitorStatusBar:
    :path: "../../node_modules/@capacitor/status-bar"
  CapacitorStorage:
    :path: "../../node_modules/@capacitor/storage"
  CordovaPlugins:
    :path: "../capacitor-cordova-ios-plugins"
  RobingenzCapacitorBadge:
    :path: "../../node_modules/@robingenz/capacitor-badge"

SPEC CHECKSUMS:
  Capacitor: a8d7fa9fb3b50adc610247bb8d0310e83424f746
  CapacitorApp: c927de41f3853ffcccf5944090af8b501cf7ba9b
  CapacitorCommunityBarcodeScanner: bea57c113f36d86a12407d4094a1e6211f4e8b1e
  CapacitorCommunityFcm: af38ba6452104d1b3c4eef9007d9856b2805a6e8
  CapacitorCordova: 687b7d3ef4872c03aa2a2eb052d23008be9ad76b
  CapacitorHaptics: cbf7ea645db90c005c96bedd0034aa7a447fe5cc
  CapacitorKeyboard: 2d8c03dfc9e15c459ec50ecb28c0cc7fe7acddac
  CapacitorNativeBiometric: 454f14f2cc471d8c3972431b997fa97f6070ad0d
  CapacitorNetwork: 185fc56570cfd4e3d41119d3ccd2a3ab3bd07806
  CapacitorPushNotifications: 5efe2b9e8f71995bb935ffed1d29539ad037dff2
  CapacitorSplashScreen: 466ab02fdfcfc0efdb6167631386289e82efe2c6
  CapacitorStatusBar: 8248570b9e06618a13932fe7330b0831c5a50220
  CapacitorStorage: 63255170c2f7e9f7363b3e5e015584e6d18f2969
  CordovaPlugins: 8778ef6034fa96cbb59a950606399a253fea59fe
  Firebase: fb5114cd2bf96e2ff7bcb01d0d9a156cf5fd2f07
  FirebaseCore: c5aab092d9c4b8efea894946166b04c9d9ef0e68
  FirebaseCoreDiagnostics: 5daa63f1c1409d981a2d5007daa100b36eac6a34
  FirebaseInstallations: 830327b45345ffc859eaa9c17bcd5ae893fd5425
  FirebaseMessaging: 82c4a48638f53f7b184f3cc9f6cd2cbe533ab316
  GoogleDataTransport: 629c20a4d363167143f30ea78320d5a7eb8bd940
  GoogleUtilities: 684ee790a24f73ebb2d1d966e9711c203f2a4237
  nanopb: a0ba3315591a9ae0a16a309ee504766e90db0c96
  PromisesObjC: 68159ce6952d93e17b2dfe273b8c40907db5ba58
  ReachabilitySwift: 985039c6f7b23a1da463388634119492ff86c825
  RobingenzCapacitorBadge: 47129795f2d9ed6bc504b43de593d91ee5db524c

PODFILE CHECKSUM: 66ca4ae9b0cd8e3ca42197f7f91b61a6b987e760

COCOAPODS: 1.11.2
